<?xml version="1.0" encoding="UTF-8"?>
<CONFIG>
  <ProjectOptions>
    <Version Value="10"/>
    <General>
      <MainUnit Value="0"/>
      <Title Value="FeederStatistic"/>
      <UseXPManifest Value="True"/>
      <Icon Value="0"/>
    </General>
    <BuildModes Count="1">
      <Item1 Name="default" Default="True"/>
    </BuildModes>
    <PublishOptions>
      <Version Value="2"/>
    </PublishOptions>
    <RunParams>
      <local>
        <FormatVersion Value="1"/>
        <LaunchingApplication PathPlusParams="/usr/X11R6/bin/xterm -T 'Lazarus Run Output' -e $(LazarusDir)/tools/runwait.sh $(TargetCmdLine)"/>
      </local>
    </RunParams>
    <RequiredPackages Count="13">
      <Item1>
        <PackageName Value="multiloglaz"/>
      </Item1>
      <Item2>
        <PackageName Value="TAChartLazarusPkg"/>
      </Item2>
      <Item3>
        <PackageName Value="laz_fpspreadsheet"/>
      </Item3>
      <Item4>
        <PackageName Value="LazMouseAndKeyInput"/>
      </Item4>
      <Item5>
        <PackageName Value="TurboPowerIPro"/>
        <MinVersion Major="1" Valid="True"/>
      </Item5>
      <Item6>
        <PackageName Value="SynEdit"/>
        <MinVersion Major="1" Valid="True"/>
      </Item6>
      <Item7>
        <PackageName Value="LCLBase"/>
        <MinVersion Major="1" Release="1" Valid="True"/>
      </Item7>
      <Item8>
        <PackageName Value="lazreport"/>
        <MinVersion Minor="9" Release="5" Valid="True"/>
      </Item8>
      <Item9>
        <PackageName Value="FCL"/>
        <MinVersion Major="1" Valid="True"/>
      </Item9>
      <Item10>
        <PackageName Value="sqlite3laz"/>
        <MinVersion Minor="3" Valid="True"/>
      </Item10>
      <Item11>
        <PackageName Value="SQLDBLaz"/>
        <MinVersion Major="1" Release="1" Valid="True"/>
      </Item11>
      <Item12>
        <PackageName Value="lazparadox"/>
        <MinVersion Valid="True"/>
      </Item12>
      <Item13>
        <PackageName Value="LCL"/>
      </Item13>
    </RequiredPackages>
    <Units Count="24">
      <Unit0>
        <Filename Value="FeederStatistic.lpr"/>
        <IsPartOfProject Value="True"/>
        <CursorPos Y="38"/>
        <UsageCount Value="200"/>
      </Unit0>
      <Unit1>
        <Filename Value="fomenu.pas"/>
        <IsPartOfProject Value="True"/>
        <ComponentName Value="frmMainMenu"/>
        <HasResources Value="True"/>
        <ResourceBaseClass Value="Form"/>
        <TopLine Value="155"/>
        <CursorPos X="46" Y="165"/>
        <UsageCount Value="200"/>
        <Loaded Value="True"/>
        <LoadedDesigner Value="True"/>
      </Unit1>
      <Unit2>
        <Filename Value="login.pas"/>
        <IsPartOfProject Value="True"/>
        <ComponentName Value="frmLogin"/>
        <HasResources Value="True"/>
        <ResourceBaseClass Value="Form"/>
        <EditorIndex Value="13"/>
        <TopLine Value="107"/>
        <CursorPos X="35" Y="135"/>
        <UsageCount Value="200"/>
        <Loaded Value="True"/>
        <LoadedDesigner Value="True"/>
      </Unit2>
      <Unit3>
        <Filename Value="database.pas"/>
        <IsPartOfProject Value="True"/>
        <EditorIndex Value="19"/>
        <TopLine Value="19"/>
        <CursorPos Y="35"/>
        <UsageCount Value="200"/>
        <Loaded Value="True"/>
      </Unit3>
      <Unit4>
        <Filename Value="global.pas"/>
        <IsPartOfProject Value="True"/>
        <EditorIndex Value="12"/>
        <TopLine Value="241"/>
        <CursorPos Y="247"/>
        <UsageCount Value="201"/>
        <Loaded Value="True"/>
      </Unit4>
      <Unit5>
        <Filename Value="jelszomod.pas"/>
        <IsPartOfProject Value="True"/>
        <ComponentName Value="frmJelszomod"/>
        <HasResources Value="True"/>
        <ResourceBaseClass Value="Form"/>
        <EditorIndex Value="21"/>
        <TopLine Value="53"/>
        <CursorPos X="71" Y="70"/>
        <UsageCount Value="200"/>
        <Loaded Value="True"/>
      </Unit5>
      <Unit6>
        <Filename Value="felhasznalok.pas"/>
        <IsPartOfProject Value="True"/>
        <ComponentName Value="frmFelhasznalok"/>
        <HasResources Value="True"/>
        <ResourceBaseClass Value="Form"/>
        <EditorIndex Value="18"/>
        <TopLine Value="102"/>
        <CursorPos X="5" Y="107"/>
        <UsageCount Value="200"/>
        <Loaded Value="True"/>
        <LoadedDesigner Value="True"/>
      </Unit6>
      <Unit7>
        <Filename Value="feederpartsedit.pas"/>
        <IsPartOfProject Value="True"/>
        <ComponentName Value="frmFeederPartsEdit"/>
        <HasResources Value="True"/>
        <ResourceBaseClass Value="Form"/>
        <EditorIndex Value="17"/>
        <TopLine Value="10"/>
        <CursorPos X="26" Y="23"/>
        <UsageCount Value="203"/>
        <Loaded Value="True"/>
        <LoadedDesigner Value="True"/>
      </Unit7>
      <Unit8>
        <Filename Value="ujmunkalap.pas"/>
        <IsPartOfProject Value="True"/>
        <ComponentName Value="frmUjMunkalap"/>
        <HasResources Value="True"/>
        <ResourceBaseClass Value="Form"/>
        <EditorIndex Value="11"/>
        <TopLine Value="259"/>
        <CursorPos X="65" Y="279"/>
        <UsageCount Value="200"/>
        <Loaded Value="True"/>
        <LoadedDesigner Value="True"/>
      </Unit8>
      <Unit9>
        <Filename Value="reports.pas"/>
        <IsPartOfProject Value="True"/>
        <ComponentName Value="frmReports"/>
        <HasResources Value="True"/>
        <ResourceBaseClass Value="Form"/>
        <EditorIndex Value="14"/>
        <TopLine Value="1343"/>
        <CursorPos X="18" Y="1357"/>
        <UsageCount Value="200"/>
        <Loaded Value="True"/>
        <LoadedDesigner Value="True"/>
      </Unit9>
      <Unit10>
        <Filename Value="reportsnoadmin.pas"/>
        <IsPartOfProject Value="True"/>
        <ComponentName Value="frmReportsNoAdmin"/>
        <HasResources Value="True"/>
        <ResourceBaseClass Value="Form"/>
        <EditorIndex Value="2"/>
        <TopLine Value="131"/>
        <CursorPos X="39" Y="133"/>
        <UsageCount Value="201"/>
        <Loaded Value="True"/>
      </Unit10>
      <Unit11>
        <Filename Value="tabsetup.pas"/>
        <IsPartOfProject Value="True"/>
        <ComponentName Value="frmSetupCenter"/>
        <HasResources Value="True"/>
        <ResourceBaseClass Value="Form"/>
        <EditorIndex Value="20"/>
        <TopLine Value="80"/>
        <CursorPos X="5" Y="69"/>
        <UsageCount Value="201"/>
        <Loaded Value="True"/>
        <LoadedDesigner Value="True"/>
      </Unit11>
      <Unit12>
        <Filename Value="feederazonositas.pas"/>
        <IsPartOfProject Value="True"/>
        <ComponentName Value="frmFeederAzonositas"/>
        <HasResources Value="True"/>
        <ResourceBaseClass Value="Form"/>
        <EditorIndex Value="6"/>
        <TopLine Value="87"/>
        <CursorPos X="59" Y="98"/>
        <UsageCount Value="200"/>
        <Loaded Value="True"/>
        <LoadedDesigner Value="True"/>
      </Unit12>
      <Unit13>
        <Filename Value="sorbeallitasa.pas"/>
        <IsPartOfProject Value="True"/>
        <ComponentName Value="frmSorBeallitasa"/>
        <HasResources Value="True"/>
        <ResourceBaseClass Value="Form"/>
        <EditorIndex Value="5"/>
        <TopLine Value="107"/>
        <CursorPos X="18" Y="116"/>
        <UsageCount Value="420"/>
        <Loaded Value="True"/>
        <LoadedDesigner Value="True"/>
      </Unit13>
      <Unit14>
        <Filename Value="egyebmunkak.pas"/>
        <IsPartOfProject Value="True"/>
        <ComponentName Value="frmEgyebMunkak"/>
        <HasResources Value="True"/>
        <ResourceBaseClass Value="Form"/>
        <EditorIndex Value="16"/>
        <TopLine Value="49"/>
        <CursorPos Y="59"/>
        <UsageCount Value="234"/>
        <Loaded Value="True"/>
      </Unit14>
      <Unit15>
        <Filename Value="chart1.pas"/>
        <IsPartOfProject Value="True"/>
        <ComponentName Value="frmChart1"/>
        <HasResources Value="True"/>
        <ResourceBaseClass Value="Form"/>
        <EditorIndex Value="15"/>
        <TopLine Value="15"/>
        <CursorPos Y="50"/>
        <UsageCount Value="224"/>
        <Loaded Value="True"/>
      </Unit15>
      <Unit16>
        <Filename Value="trolijavitas.pas"/>
        <IsPartOfProject Value="True"/>
        <ComponentName Value="frmTroliJavitas"/>
        <HasResources Value="True"/>
        <ResourceBaseClass Value="Form"/>
        <EditorIndex Value="3"/>
        <TopLine Value="77"/>
        <CursorPos X="15" Y="101"/>
        <UsageCount Value="213"/>
        <Loaded Value="True"/>
        <LoadedDesigner Value="True"/>
      </Unit16>
      <Unit17>
        <Filename Value="trolimunkalap.pas"/>
        <IsPartOfProject Value="True"/>
        <ComponentName Value="frmTroliMunkalap"/>
        <HasResources Value="True"/>
        <ResourceBaseClass Value="Form"/>
        <EditorIndex Value="4"/>
        <TopLine Value="169"/>
        <CursorPos X="23" Y="192"/>
        <UsageCount Value="200"/>
        <Loaded Value="True"/>
        <LoadedDesigner Value="True"/>
      </Unit17>
      <Unit18>
        <Filename Value="magazinjavitas.pas"/>
        <IsPartOfProject Value="True"/>
        <ComponentName Value="frmMagazinJavitas"/>
        <HasResources Value="True"/>
        <ResourceBaseClass Value="Form"/>
        <EditorIndex Value="1"/>
        <TopLine Value="191"/>
        <CursorPos X="50" Y="196"/>
        <UsageCount Value="238"/>
        <Loaded Value="True"/>
        <LoadedDesigner Value="True"/>
      </Unit18>
      <Unit19>
        <Filename Value="prevfeederazon.pas"/>
        <IsPartOfProject Value="True"/>
        <ComponentName Value="frmPreventiveFeederazonositas"/>
        <HasResources Value="True"/>
        <ResourceBaseClass Value="Form"/>
        <IsVisibleTab Value="True"/>
        <EditorIndex Value="7"/>
        <TopLine Value="42"/>
        <CursorPos X="54" Y="59"/>
        <UsageCount Value="201"/>
        <Loaded Value="True"/>
        <LoadedDesigner Value="True"/>
      </Unit19>
      <Unit20>
        <Filename Value="feederpreventiv.pas"/>
        <IsPartOfProject Value="True"/>
        <ComponentName Value="frmFeederPreventiv"/>
        <HasResources Value="True"/>
        <ResourceBaseClass Value="Form"/>
        <EditorIndex Value="10"/>
        <TopLine Value="206"/>
        <CursorPos X="71" Y="223"/>
        <UsageCount Value="200"/>
        <Loaded Value="True"/>
        <LoadedDesigner Value="True"/>
      </Unit20>
      <Unit21>
        <Filename Value="tpmsetupmain.pas"/>
        <IsPartOfProject Value="True"/>
        <ComponentName Value="frmTPMSetupMain"/>
        <HasResources Value="True"/>
        <ResourceBaseClass Value="Form"/>
        <EditorIndex Value="8"/>
        <TopLine Value="11"/>
        <CursorPos X="19" Y="25"/>
        <UsageCount Value="203"/>
        <Loaded Value="True"/>
        <LoadedDesigner Value="True"/>
      </Unit21>
      <Unit22>
        <Filename Value="tpmds7iazonositas.pas"/>
        <IsPartOfProject Value="True"/>
        <ComponentName Value="frmTPMDS7i_Azonositas"/>
        <HasResources Value="True"/>
        <ResourceBaseClass Value="Form"/>
        <EditorIndex Value="9"/>
        <TopLine Value="3"/>
        <CursorPos Y="12"/>
        <UsageCount Value="225"/>
        <Loaded Value="True"/>
        <LoadedDesigner Value="True"/>
      </Unit22>
      <Unit23>
        <Filename Value="../../../../../../../../../lazarus_2_2_6/components/lazreport/source/fr3tolrf.pas"/>
        <EditorIndex Value="-1"/>
        <TopLine Value="89"/>
        <CursorPos X="41" Y="96"/>
        <UsageCount Value="10"/>
      </Unit23>
    </Units>
    <JumpHistory Count="29" HistoryIndex="28">
      <Position1>
        <Filename Value="fomenu.pas"/>
        <Caret Line="27" Column="30" TopLine="13"/>
      </Position1>
      <Position2>
        <Filename Value="fomenu.pas"/>
        <Caret Line="63" Column="39" TopLine="40"/>
      </Position2>
      <Position3>
        <Filename Value="tpmsetupmain.pas"/>
        <Caret Line="261" TopLine="252"/>
      </Position3>
      <Position4>
        <Filename Value="tpmds7iazonositas.pas"/>
        <Caret Line="112" Column="20" TopLine="72"/>
      </Position4>
      <Position5>
        <Filename Value="feederpreventiv.pas"/>
        <Caret Line="212" TopLine="212"/>
      </Position5>
      <Position6>
        <Filename Value="feederazonositas.pas"/>
        <Caret Line="141" Column="20" TopLine="45"/>
      </Position6>
      <Position7>
        <Filename Value="feederazonositas.pas"/>
        <Caret Line="143" Column="20" TopLine="116"/>
      </Position7>
      <Position8>
        <Filename Value="feederazonositas.pas"/>
        <Caret Line="295" Column="30" TopLine="177"/>
      </Position8>
      <Position9>
        <Filename Value="tabsetup.pas"/>
        <Caret Line="87" TopLine="56"/>
      </Position9>
      <Position10>
        <Filename Value="prevfeederazon.pas"/>
        <Caret Line="47" Column="42" TopLine="43"/>
      </Position10>
      <Position11>
        <Filename Value="fomenu.pas"/>
        <Caret Line="330" Column="30" TopLine="321"/>
      </Position11>
      <Position12>
        <Filename Value="ujmunkalap.pas"/>
        <Caret Line="572" Column="29" TopLine="535"/>
      </Position12>
      <Position13>
        <Filename Value="fomenu.pas"/>
        <Caret Line="367" Column="65" TopLine="346"/>
      </Position13>
      <Position14>
        <Filename Value="ujmunkalap.pas"/>
        <Caret Line="265" Column="60" TopLine="250"/>
      </Position14>
      <Position15>
        <Filename Value="login.pas"/>
        <Caret Line="119" TopLine="119"/>
      </Position15>
      <Position16>
        <Filename Value="fomenu.pas"/>
        <Caret Line="298" Column="13" TopLine="295"/>
      </Position16>
      <Position17>
        <Filename Value="fomenu.pas"/>
        <Caret Line="68" Column="6" TopLine="24"/>
      </Position17>
      <Position18>
        <Filename Value="fomenu.pas"/>
        <Caret Line="80" TopLine="71"/>
      </Position18>
      <Position19>
        <Filename Value="fomenu.pas"/>
        <Caret Line="486" Column="32" TopLine="477"/>
      </Position19>
      <Position20>
        <Filename Value="fomenu.pas"/>
        <Caret Line="404" Column="21" TopLine="398"/>
      </Position20>
      <Position21>
        <Filename Value="global.pas"/>
        <Caret Line="121" Column="11" TopLine="115"/>
      </Position21>
      <Position22>
        <Filename Value="fomenu.pas"/>
        <Caret Line="413" Column="18" TopLine="405"/>
      </Position22>
      <Position23>
        <Filename Value="fomenu.pas"/>
        <Caret Line="26" Column="17" TopLine="18"/>
      </Position23>
      <Position24>
        <Filename Value="fomenu.pas"/>
        <Caret Line="40" Column="27" TopLine="25"/>
      </Position24>
      <Position25>
        <Filename Value="fomenu.pas"/>
        <Caret Line="106" Column="36" TopLine="105"/>
      </Position25>
      <Position26>
        <Filename Value="fomenu.pas"/>
        <Caret Line="413" Column="18" TopLine="397"/>
      </Position26>
      <Position27>
        <Filename Value="fomenu.pas"/>
        <Caret Line="444" Column="26" TopLine="429"/>
      </Position27>
      <Position28>
        <Filename Value="fomenu.pas"/>
        <Caret Line="463" Column="26" TopLine="448"/>
      </Position28>
      <Position29>
        <Filename Value="fomenu.pas"/>
        <Caret Line="413" Column="9" TopLine="402"/>
      </Position29>
    </JumpHistory>
  </ProjectOptions>
  <CompilerOptions>
    <Version Value="11"/>
    <SearchPaths>
      <IncludeFiles Value="$(ProjOutDir)"/>
    </SearchPaths>
    <Parsing>
      <SyntaxOptions>
        <CStyleOperator Value="False"/>
      </SyntaxOptions>
    </Parsing>
    <CodeGeneration>
      <SmartLinkUnit Value="True"/>
      <SmallerCode Value="True"/>
    </CodeGeneration>
    <Linking>
      <Debugging>
        <GenerateDebugInfo Value="False"/>
        <DebugInfoType Value="dsDwarf2Set"/>
        <UseLineInfoUnit Value="False"/>
        <StripSymbols Value="True"/>
        <UseExternalDbgSyms Value="True"/>
      </Debugging>
      <LinkSmart Value="True"/>
      <Options>
        <Win32>
          <GraphicApplication Value="True"/>
        </Win32>
      </Options>
    </Linking>
    <Other>
      <Verbosity>
        <ShowWarn Value="False"/>
        <ShowNotes Value="False"/>
        <ShowHints Value="False"/>
      </Verbosity>
    </Other>
  </CompilerOptions>
  <Debugging>
    <Exceptions Count="4">
      <Item1>
        <Name Value="EAbort"/>
      </Item1>
      <Item2>
        <Name Value="ECodetoolError"/>
      </Item2>
      <Item3>
        <Name Value="EFOpenError"/>
      </Item3>
      <Item4>
        <Name Value="Unknown"/>
      </Item4>
    </Exceptions>
  </Debugging>
</CONFIG>
